
Microsoft Visual Studio Solution File, Format Version 12.00
# Visual Studio Version 17
VisualStudioVersion = 17.5.33402.96
MinimumVisualStudioVersion = 10.0.40219.1
Project("{9A19103F-16F7-4668-BE54-9A1E7A4F7556}") = "ASiNet.Binary.Lib", "ASiNet.Binary.Lib\ASiNet.Binary.Lib.csproj", "{07AC022C-E637-4F26-B580-27834D398A55}"
EndProject
Project("{9A19103F-16F7-4668-BE54-9A1E7A4F7556}") = "Test", "Test\Test.csproj", "{D3300EBE-E729-4D09-9DE8-93471798D690}"
EndProject
Project("{9A19103F-16F7-4668-BE54-9A1E7A4F7556}") = "ASiNet.Binary.LibTests", "ASiNet.Binary.LibTests\ASiNet.Binary.LibTests.csproj", "{8530F9C2-C987-4DCE-9799-9678ADE107F1}"
EndProject
Project("{FAE04EC0-301F-11D3-BF4B-00C04F79EFBC}") = "Test2", "Test2\Test2.csproj", "{F5BC690A-B9E0-4544-976D-F0A18B375CF3}"
EndProject
Global
	GlobalSection(SolutionConfigurationPlatforms) = preSolution
		Debug|Any CPU = Debug|Any CPU
		Release|Any CPU = Release|Any CPU
	EndGlobalSection
	GlobalSection(ProjectConfigurationPlatforms) = postSolution
		{07AC022C-E637-4F26-B580-27834D398A55}.Debug|Any CPU.ActiveCfg = Debug|Any CPU
		{07AC022C-E637-4F26-B580-27834D398A55}.Debug|Any CPU.Build.0 = Debug|Any CPU
		{07AC022C-E637-4F26-B580-27834D398A55}.Release|Any CPU.ActiveCfg = Release|Any CPU
		{07AC022C-E637-4F26-B580-27834D398A55}.Release|Any CPU.Build.0 = Release|Any CPU
		{D3300EBE-E729-4D09-9DE8-93471798D690}.Debug|Any CPU.ActiveCfg = Debug|Any CPU
		{D3300EBE-E729-4D09-9DE8-93471798D690}.Debug|Any CPU.Build.0 = Debug|Any CPU
		{D3300EBE-E729-4D09-9DE8-93471798D690}.Release|Any CPU.ActiveCfg = Release|Any CPU
		{D3300EBE-E729-4D09-9DE8-93471798D690}.Release|Any CPU.Build.0 = Release|Any CPU
		{8530F9C2-C987-4DCE-9799-9678ADE107F1}.Debug|Any CPU.ActiveCfg = Debug|Any CPU
		{8530F9C2-C987-4DCE-9799-9678ADE107F1}.Debug|Any CPU.Build.0 = Debug|Any CPU
		{8530F9C2-C987-4DCE-9799-9678ADE107F1}.Release|Any CPU.ActiveCfg = Release|Any CPU
		{8530F9C2-C987-4DCE-9799-9678ADE107F1}.Release|Any CPU.Build.0 = Release|Any CPU
		{F5BC690A-B9E0-4544-976D-F0A18B375CF3}.Debug|Any CPU.ActiveCfg = Debug|Any CPU
		{F5BC690A-B9E0-4544-976D-F0A18B375CF3}.Debug|Any CPU.Build.0 = Debug|Any CPU
		{F5BC690A-B9E0-4544-976D-F0A18B375CF3}.Release|Any CPU.ActiveCfg = Release|Any CPU
		{F5BC690A-B9E0-4544-976D-F0A18B375CF3}.Release|Any CPU.Build.0 = Release|Any CPU
	EndGlobalSection
	GlobalSection(SolutionProperties) = preSolution
		HideSolutionNode = FALSE
	EndGlobalSection
	GlobalSection(ExtensibilityGlobals) = postSolution
		SolutionGuid = {1D9DDABA-C31E-4608-AE53-F2DEC0AA1D6A}
	EndGlobalSection
EndGlobal
